
Microsoft Visual Studio Solution File, Format Version 12.00
# Visual Studio Version 17
VisualStudioVersion = 17.3.32901.215
MinimumVisualStudioVersion = 10.0.40219.1
Project("{FAE04EC0-301F-11D3-BF4B-00C04F79EFBC}") = "TypingSpeed", "TypingSpeed.csproj", "{310F8878-817A-4DD4-8D9A-C7866BE90F17}"
EndProject
Global
	GlobalSection(SolutionConfigurationPlatforms) = preSolution
		Debug|Any CPU = Debug|Any CPU
		Release|Any CPU = Release|Any CPU
	EndGlobalSection
	GlobalSection(ProjectConfigurationPlatforms) = postSolution
		{310F8878-817A-4DD4-8D9A-C7866BE90F17}.Debug|Any CPU.ActiveCfg = Debug|Any CPU
		{310F8878-817A-4DD4-8D9A-C7866BE90F17}.Debug|Any CPU.Build.0 = Debug|Any CPU
		{310F8878-817A-4DD4-8D9A-C7866BE90F17}.Release|Any CPU.ActiveCfg = Release|Any CPU
		{310F8878-817A-4DD4-8D9A-C7866BE90F17}.Release|Any CPU.Build.0 = Release|Any CPU
	EndGlobalSection
	GlobalSection(SolutionProperties) = preSolution
		HideSolutionNode = FALSE
	EndGlobalSection
	GlobalSection(ExtensibilityGlobals) = postSolution
		SolutionGuid = {69EA393E-4203-482D-8355-2089F871BF40}
	EndGlobalSection
EndGlobal
